
Microsoft Visual Studio Solution File, Format Version 12.00
# Visual Studio Version 16
VisualStudioVersion = 25.0.1705.4
MinimumVisualStudioVersion = 10.0.40219.1
Project("{FAE04EC0-301F-11D3-BF4B-00C04F79EFBC}") = "hwdue20th", "hwdue20th\hwdue20th.csproj", "{AA80EECC-1C54-4757-9754-465DDDD6F97E}"
EndProject
Global
	GlobalSection(SolutionConfigurationPlatforms) = preSolution
		Debug|Any CPU = Debug|Any CPU
		Release|Any CPU = Release|Any CPU
	EndGlobalSection
	GlobalSection(ProjectConfigurationPlatforms) = postSolution
		{AA80EECC-1C54-4757-9754-465DDDD6F97E}.Debug|Any CPU.ActiveCfg = Debug|Any CPU
		{AA80EECC-1C54-4757-9754-465DDDD6F97E}.Debug|Any CPU.Build.0 = Debug|Any CPU
		{AA80EECC-1C54-4757-9754-465DDDD6F97E}.Release|Any CPU.ActiveCfg = Release|Any CPU
		{AA80EECC-1C54-4757-9754-465DDDD6F97E}.Release|Any CPU.Build.0 = Release|Any CPU
	EndGlobalSection
	GlobalSection(SolutionProperties) = preSolution
		HideSolutionNode = FALSE
	EndGlobalSection
	GlobalSection(ExtensibilityGlobals) = postSolution
		SolutionGuid = {DBAAE0B0-77A9-4ECC-8DAB-F4C29BE54D4D}
	EndGlobalSection
EndGlobal
